
Microsoft Visual Studio Solution File, Format Version 12.00
# Visual Studio Version 17
VisualStudioVersion = 17.1.32210.238
MinimumVisualStudioVersion = 10.0.40219.1
Project("{FAE04EC0-301F-11D3-BF4B-00C04F79EFBC}") = "escape room", "escape room.csproj", "{D5B948DE-E0FF-4FA7-B524-5F310476DA02}"
EndProject
Global
	GlobalSection(SolutionConfigurationPlatforms) = preSolution
		Debug|Any CPU = Debug|Any CPU
		Release|Any CPU = Release|Any CPU
	EndGlobalSection
	GlobalSection(ProjectConfigurationPlatforms) = postSolution
		{D5B948DE-E0FF-4FA7-B524-5F310476DA02}.Debug|Any CPU.ActiveCfg = Debug|Any CPU
		{D5B948DE-E0FF-4FA7-B524-5F310476DA02}.Debug|Any CPU.Build.0 = Debug|Any CPU
		{D5B948DE-E0FF-4FA7-B524-5F310476DA02}.Release|Any CPU.ActiveCfg = Release|Any CPU
		{D5B948DE-E0FF-4FA7-B524-5F310476DA02}.Release|Any CPU.Build.0 = Release|Any CPU
	EndGlobalSection
	GlobalSection(SolutionProperties) = preSolution
		HideSolutionNode = FALSE
	EndGlobalSection
	GlobalSection(ExtensibilityGlobals) = postSolution
		SolutionGuid = {DDA85CF6-B8EE-48C8-86BC-12E8C21F184A}
	EndGlobalSection
EndGlobal
